
Microsoft Visual Studio Solution File, Format Version 12.00
# Visual Studio Version 17
VisualStudioVersion = 17.14.36414.22 d17.14
MinimumVisualStudioVersion = 10.0.40219.1
Project("{54A90642-561A-4BB1-A94E-469ADEE60C69}") = "webformandreport.client", "webformandreport.client\webformandreport.client.esproj", "{E35B8D93-EE9F-1F4A-BB60-60A38C4DD664}"
EndProject
Project("{FAE04EC0-301F-11D3-BF4B-00C04F79EFBC}") = "WebFormAndReport.Server", "WebFormAndReport.Server\WebFormAndReport.Server.csproj", "{EDA9BF81-3A65-45DF-B9DC-8523E7C347FF}"
EndProject
Global
	GlobalSection(SolutionConfigurationPlatforms) = preSolution
		Debug|Any CPU = Debug|Any CPU
		Release|Any CPU = Release|Any CPU
	EndGlobalSection
	GlobalSection(ProjectConfigurationPlatforms) = postSolution
		{E35B8D93-EE9F-1F4A-BB60-60A38C4DD664}.Debug|Any CPU.ActiveCfg = Debug|Any CPU
		{E35B8D93-EE9F-1F4A-BB60-60A38C4DD664}.Debug|Any CPU.Build.0 = Debug|Any CPU
		{E35B8D93-EE9F-1F4A-BB60-60A38C4DD664}.Debug|Any CPU.Deploy.0 = Debug|Any CPU
		{E35B8D93-EE9F-1F4A-BB60-60A38C4DD664}.Release|Any CPU.ActiveCfg = Release|Any CPU
		{E35B8D93-EE9F-1F4A-BB60-60A38C4DD664}.Release|Any CPU.Build.0 = Release|Any CPU
		{E35B8D93-EE9F-1F4A-BB60-60A38C4DD664}.Release|Any CPU.Deploy.0 = Release|Any CPU
		{EDA9BF81-3A65-45DF-B9DC-8523E7C347FF}.Debug|Any CPU.ActiveCfg = Debug|Any CPU
		{EDA9BF81-3A65-45DF-B9DC-8523E7C347FF}.Debug|Any CPU.Build.0 = Debug|Any CPU
		{EDA9BF81-3A65-45DF-B9DC-8523E7C347FF}.Release|Any CPU.ActiveCfg = Release|Any CPU
		{EDA9BF81-3A65-45DF-B9DC-8523E7C347FF}.Release|Any CPU.Build.0 = Release|Any CPU
	EndGlobalSection
	GlobalSection(SolutionProperties) = preSolution
		HideSolutionNode = FALSE
	EndGlobalSection
	GlobalSection(ExtensibilityGlobals) = postSolution
		SolutionGuid = {A2E9952C-2F87-40F9-BD14-712373F0840A}
	EndGlobalSection
EndGlobal
